
Microsoft Visual Studio Solution File, Format Version 12.00
# Visual Studio Version 17
VisualStudioVersion = 17.13.35825.156
MinimumVisualStudioVersion = 10.0.40219.1
Project("{FAE04EC0-301F-11D3-BF4B-00C04F79EFBC}") = "MauiLabelBug", "MauiLabelBug.csproj", "{D97DB282-E0E2-4171-A668-18677F114EAD}"
EndProject
Global
	GlobalSection(SolutionConfigurationPlatforms) = preSolution
		Debug|Any CPU = Debug|Any CPU
		Release|Any CPU = Release|Any CPU
	EndGlobalSection
	GlobalSection(ProjectConfigurationPlatforms) = postSolution
		{D97DB282-E0E2-4171-A668-18677F114EAD}.Debug|Any CPU.ActiveCfg = Debug|Any CPU
		{D97DB282-E0E2-4171-A668-18677F114EAD}.Debug|Any CPU.Build.0 = Debug|Any CPU
		{D97DB282-E0E2-4171-A668-18677F114EAD}.Debug|Any CPU.Deploy.0 = Debug|Any CPU
		{D97DB282-E0E2-4171-A668-18677F114EAD}.Release|Any CPU.ActiveCfg = Release|Any CPU
		{D97DB282-E0E2-4171-A668-18677F114EAD}.Release|Any CPU.Build.0 = Release|Any CPU
	EndGlobalSection
	GlobalSection(SolutionProperties) = preSolution
		HideSolutionNode = FALSE
	EndGlobalSection
	GlobalSection(ExtensibilityGlobals) = postSolution
		SolutionGuid = {414A9A24-2562-47D0-AA7E-9A3D29B4886D}
	EndGlobalSection
EndGlobal
